
Microsoft Visual Studio Solution File, Format Version 12.00
# Visual Studio Version 17
VisualStudioVersion = 17.10.34916.146
MinimumVisualStudioVersion = 10.0.40219.1
Project("{FAE04EC0-301F-11D3-BF4B-00C04F79EFBC}") = "ClassLibrary1", "ClassLibrary1.csproj", "{CA17A369-C9B3-4577-A5B2-CA2BC6D258D6}"
EndProject
Global
	GlobalSection(SolutionConfigurationPlatforms) = preSolution
		Debug|Any CPU = Debug|Any CPU
		Release|Any CPU = Release|Any CPU
	EndGlobalSection
	GlobalSection(ProjectConfigurationPlatforms) = postSolution
		{CA17A369-C9B3-4577-A5B2-CA2BC6D258D6}.Debug|Any CPU.ActiveCfg = Debug|Any CPU
		{CA17A369-C9B3-4577-A5B2-CA2BC6D258D6}.Debug|Any CPU.Build.0 = Debug|Any CPU
		{CA17A369-C9B3-4577-A5B2-CA2BC6D258D6}.Release|Any CPU.ActiveCfg = Release|Any CPU
		{CA17A369-C9B3-4577-A5B2-CA2BC6D258D6}.Release|Any CPU.Build.0 = Release|Any CPU
	EndGlobalSection
	GlobalSection(SolutionProperties) = preSolution
		HideSolutionNode = FALSE
	EndGlobalSection
	GlobalSection(ExtensibilityGlobals) = postSolution
		SolutionGuid = {FE3C46E0-A4BD-4446-8F4F-7588CE562025}
	EndGlobalSection
EndGlobal
